
Microsoft Visual Studio Solution File, Format Version 12.00
# Visual Studio Version 16
VisualStudioVersion = 16.0.31105.61
MinimumVisualStudioVersion = 10.0.40219.1
Project("{FAE04EC0-301F-11D3-BF4B-00C04F79EFBC}") = "Tut1", "Tut1\Tut1.csproj", "{5D07105D-F385-448B-862D-4E866FB59222}"
EndProject
Global
	GlobalSection(SolutionConfigurationPlatforms) = preSolution
		Debug|Any CPU = Debug|Any CPU
		Release|Any CPU = Release|Any CPU
	EndGlobalSection
	GlobalSection(ProjectConfigurationPlatforms) = postSolution
		{5D07105D-F385-448B-862D-4E866FB59222}.Debug|Any CPU.ActiveCfg = Debug|Any CPU
		{5D07105D-F385-448B-862D-4E866FB59222}.Debug|Any CPU.Build.0 = Debug|Any CPU
		{5D07105D-F385-448B-862D-4E866FB59222}.Release|Any CPU.ActiveCfg = Release|Any CPU
		{5D07105D-F385-448B-862D-4E866FB59222}.Release|Any CPU.Build.0 = Release|Any CPU
	EndGlobalSection
	GlobalSection(SolutionProperties) = preSolution
		HideSolutionNode = FALSE
	EndGlobalSection
	GlobalSection(ExtensibilityGlobals) = postSolution
		SolutionGuid = {96C90703-1792-4209-9D25-E2CDCDA76353}
	EndGlobalSection
EndGlobal
